
Microsoft Visual Studio Solution File, Format Version 12.00
# Visual Studio Version 16
VisualStudioVersion = 16.0.31624.102
MinimumVisualStudioVersion = 10.0.40219.1
Project("{FAE04EC0-301F-11D3-BF4B-00C04F79EFBC}") = "ShoppingCartDemo", "ShoppingCartDemo\ShoppingCartDemo.csproj", "{B98C31AA-4F8D-4CFB-AB0D-868F37957E89}"
EndProject
Global
	GlobalSection(SolutionConfigurationPlatforms) = preSolution
		Debug|Any CPU = Debug|Any CPU
		Release|Any CPU = Release|Any CPU
	EndGlobalSection
	GlobalSection(ProjectConfigurationPlatforms) = postSolution
		{B98C31AA-4F8D-4CFB-AB0D-868F37957E89}.Debug|Any CPU.ActiveCfg = Debug|Any CPU
		{B98C31AA-4F8D-4CFB-AB0D-868F37957E89}.Debug|Any CPU.Build.0 = Debug|Any CPU
		{B98C31AA-4F8D-4CFB-AB0D-868F37957E89}.Release|Any CPU.ActiveCfg = Release|Any CPU
		{B98C31AA-4F8D-4CFB-AB0D-868F37957E89}.Release|Any CPU.Build.0 = Release|Any CPU
	EndGlobalSection
	GlobalSection(SolutionProperties) = preSolution
		HideSolutionNode = FALSE
	EndGlobalSection
	GlobalSection(ExtensibilityGlobals) = postSolution
		SolutionGuid = {5AF6418A-9DFF-4431-AE52-BA65407D01EF}
	EndGlobalSection
EndGlobal
